<?xml version="1.0" encoding="UTF-8"?>

<Project ToolsVersion="16.0" xmlns="http://schemas.microsoft.com/developer/msbuild/2003">
  <ItemGroup>
    <Filter Include="Oscillator\Source">
      <UniqueIdentifier>{E7C15824-034F-1011-CB46-BA4C762A2BB1}</UniqueIdentifier>
    </Filter>
    <Filter Include="Oscillator">
      <UniqueIdentifier>{A9A0A0E2-9E45-5BD9-DE43-2BEB03BA5835}</UniqueIdentifier>
    </Filter>
    <Filter Include="JUCE Library Code">
      <UniqueIdentifier>{7ED5A90E-41AF-A1EF-659B-37CEEAB9BA61}</UniqueIdentifier>
    </Filter>
  </ItemGroup>
  <ItemGroup>
    <ClCompile Include="..\..\Source\PluginProcessor.cpp">
      <Filter>Oscillator\Source</Filter>
    </ClCompile>
    <ClCompile Include="..\..\Source\PluginEditor.cpp">
      <Filter>Oscillator\Source</Filter>
    </ClCompile>
  </ItemGroup>
  <ItemGroup>
    <ClInclude Include="..\..\Source\PluginProcessor.h">
      <Filter>Oscillator\Source</Filter>
    </ClInclude>
    <ClInclude Include="..\..\Source\PluginEditor.h">
      <Filter>Oscillator\Source</Filter>
    </ClInclude>
    <ClInclude Include="..\..\JuceLibraryCode\JuceHeader.h">
      <Filter>JUCE Library Code</Filter>
    </ClInclude>
    <ClInclude Include="..\..\JuceLibraryCode\JucePluginDefines.h">
      <Filter>JUCE Library Code</Filter>
    </ClInclude>
  </ItemGroup>
</Project>
